Microsoft Visual Studio Solution File, Format Version 8.00
Project("{8BC9CEB8-8B4A-11D0-8D11-00A0C91BC942}") = "dinput_ragnarok", "dinput_ragnarok.vcproj", "{31F3AFE7-655D-4375-8CED-8A51C08FF549}"
	ProjectSection(ProjectDependencies) = postProject
	EndProjectSection
EndProject
Global
	GlobalSection(SolutionConfiguration) = preSolution
		Debug = Debug
		Release = Release
	EndGlobalSection
	GlobalSection(ProjectConfiguration) = postSolution
		{31F3AFE7-655D-4375-8CED-8A51C08FF549}.Debug.ActiveCfg = Debug|Win32
		{31F3AFE7-655D-4375-8CED-8A51C08FF549}.Debug.Build.0 = Debug|Win32
		{31F3AFE7-655D-4375-8CED-8A51C08FF549}.Release.ActiveCfg = Release|Win32
		{31F3AFE7-655D-4375-8CED-8A51C08FF549}.Release.Build.0 = Release|Win32
	EndGlobalSection
	GlobalSection(ExtensibilityGlobals) = postSolution
	EndGlobalSection
	GlobalSection(ExtensibilityAddIns) = postSolution
	EndGlobalSection
EndGlobal
