
Microsoft Visual Studio Solution File, Format Version 8.00
Project("{8BC9CEB8-8B4A-11D0-8D11-00A0C91BC942}") = "lysithea", "lysithea_2003.vcproj", "{E46B7477-8823-44C9-9F74-84D1EB55314A}"
	ProjectSection(ProjectDependencies) = postProject
	EndProjectSection
EndProject
Global
	GlobalSection(SolutionConfiguration) = preSolution
		Debug = Debug
		Release = Release
	EndGlobalSection
	GlobalSection(ProjectConfiguration) = postSolution
		{E46B7477-8823-44C9-9F74-84D1EB55314A}.Debug.ActiveCfg = Debug|Win32
		{E46B7477-8823-44C9-9F74-84D1EB55314A}.Debug.Build.0 = Debug|Win32
		{E46B7477-8823-44C9-9F74-84D1EB55314A}.Release.ActiveCfg = Release|Win32
		{E46B7477-8823-44C9-9F74-84D1EB55314A}.Release.Build.0 = Release|Win32
	EndGlobalSection
	GlobalSection(ExtensibilityGlobals) = postSolution
	EndGlobalSection
	GlobalSection(ExtensibilityAddIns) = postSolution
	EndGlobalSection
	GlobalSection(SolutionConfigurationPlatforms) = preSolution
		Debug|Win32 = Debug|Win32
		Release|Win32 = Release|Win32
	EndGlobalSection
	GlobalSection(ProjectConfigurationPlatforms) = postSolution
		{E46B7477-8823-44C9-9F74-84D1EB55314A}.Debug|Win32.ActiveCfg = Debug|Win32
		{E46B7477-8823-44C9-9F74-84D1EB55314A}.Debug|Win32.Build.0 = Debug|Win32
		{E46B7477-8823-44C9-9F74-84D1EB55314A}.Release|Win32.ActiveCfg = Release|Win32
		{E46B7477-8823-44C9-9F74-84D1EB55314A}.Release|Win32.Build.0 = Release|Win32
	EndGlobalSection
	GlobalSection(SolutionProperties) = preSolution
		HideSolutionNode = FALSE
	EndGlobalSection
EndGlobal
