Microsoft Visual Studio Solution File, Format Version 8.00
Project("{8BC9CEB8-8B4A-11D0-8D11-00A0C91BC942}") = "seqentia", "seqentia_2003.vcproj", "{820969A8-A600-43B2-B82B-91231B9FD97E}"
	ProjectSection(ProjectDependencies) = postProject
	EndProjectSection
EndProject
Global
	GlobalSection(SolutionConfiguration) = preSolution
		Debug = Debug
		Release = Release
		Release_public = Release_public
	EndGlobalSection
	GlobalSection(ProjectConfiguration) = postSolution
		{820969A8-A600-43B2-B82B-91231B9FD97E}.Debug.ActiveCfg = Debug|Win32
		{820969A8-A600-43B2-B82B-91231B9FD97E}.Debug.Build.0 = Debug|Win32
		{820969A8-A600-43B2-B82B-91231B9FD97E}.Release.ActiveCfg = Release|Win32
		{820969A8-A600-43B2-B82B-91231B9FD97E}.Release.Build.0 = Release|Win32
		{820969A8-A600-43B2-B82B-91231B9FD97E}.Release_public.ActiveCfg = Release_public|Win32
		{820969A8-A600-43B2-B82B-91231B9FD97E}.Release_public.Build.0 = Release_public|Win32
	EndGlobalSection
	GlobalSection(ExtensibilityGlobals) = postSolution
	EndGlobalSection
	GlobalSection(ExtensibilityAddIns) = postSolution
	EndGlobalSection
EndGlobal
